
Microsoft Visual Studio Solution File, Format Version 12.00
# Visual Studio Version 17
VisualStudioVersion = 17.9.34701.34
MinimumVisualStudioVersion = 10.0.40219.1
Project("{FAE04EC0-301F-11D3-BF4B-00C04F79EFBC}") = "api-registros-ingles", "api-registros-ingles\api-registros-ingles.csproj", "{E82E2CE1-68D5-434D-9AD1-71EAFEF1D18A}"
EndProject
Global
	GlobalSection(SolutionConfigurationPlatforms) = preSolution
		Debug|Any CPU = Debug|Any CPU
		Release|Any CPU = Release|Any CPU
	EndGlobalSection
	GlobalSection(ProjectConfigurationPlatforms) = postSolution
		{E82E2CE1-68D5-434D-9AD1-71EAFEF1D18A}.Debug|Any CPU.ActiveCfg = Debug|Any CPU
		{E82E2CE1-68D5-434D-9AD1-71EAFEF1D18A}.Debug|Any CPU.Build.0 = Debug|Any CPU
		{E82E2CE1-68D5-434D-9AD1-71EAFEF1D18A}.Release|Any CPU.ActiveCfg = Release|Any CPU
		{E82E2CE1-68D5-434D-9AD1-71EAFEF1D18A}.Release|Any CPU.Build.0 = Release|Any CPU
	EndGlobalSection
	GlobalSection(SolutionProperties) = preSolution
		HideSolutionNode = FALSE
	EndGlobalSection
	GlobalSection(ExtensibilityGlobals) = postSolution
		SolutionGuid = {41E2A19E-4389-4941-876D-D595D39A951F}
	EndGlobalSection
EndGlobal
